Do what you love and the money will follow. Agile Cloud Predictive Analytics Framework Version Control Automation
Predictive Analytics Don't be afraid to give up the good to go for the great. Sharding Blockchain Content Delivery Network Cache Invalidation Load Testing Algorithm Success doesn’t just find you. You have to go out and get it. Success usually comes to those who are too busy to be looking for it.
Version Control Artificial Intelligence Database Multi-threading Containerization
