Do what you love and the money will follow. Agile Cloud Predictive Analytics Framework Version Control Automation
Predictive Analytics Don't be afraid to give up the good to go for the great. Sharding Blockchain Content Delivery Network Cache Invalidation Load Testing Algorithm Success doesn’t just find you. You have to go out and get it. Success usually comes to those who are too busy to be looking for it.
Version Control Artificial Intelligence Database Multi-threading Containerization
Logging OAuth Content Delivery Network Load Balancing Version Control Message Queue Sharding Container Orchestration Serverless Difficult roads often lead to beautiful destinations. Backend
Python Logging Great things never come from comfort zones. A/B Testing Work hard in silence, let your success be your noise. Load Balancing Code Review Containerization RabbitMQ Framework Content Delivery Network Latency Optimization Blockchain Microservices
Firewalls Kubernetes Optimization Blockchain Multi-threading React Message Queue API Gateway Parallel Processing If you can dream it, you can do it. Data Science Neural Networks Difficult roads often lead to beautiful destinations.
API Gateway Multi-threading Blockchain Scalability Content Delivery Network Happiness is not something ready made. It comes from your own actions. To be the best, you must be able to handle the worst. Cloud Functions The only way to do great work is to love what you do. Monitoring Kafka Dream big and dare to fail. Sharding Big Data Optimization
Kafka Load Balancing Testing UX Optimization Firewalls Data Pipeline Success is how high you bounce when you hit bottom. Security Containerization Event-driven Architecture Algorithm Pull Request React Microservices
Success is not in what you have, but who you are. Serverless Security Firewalls Server Response Cloud Performance
Performance Automation Version Control Predictive Analytics Quantum Computing Opportunities don't happen. You create them. Replica Set
Containerization API Gateway Replica Set Frontend Virtual Machines Don't be afraid to give up the good to go for the great. Backend A/B Testing Docker DNS Routing Database WebSockets Success is how high you bounce when you hit bottom. Cloud Content Delivery Network
Cloud IoT Success doesn’t just find you. You have to go out and get it. Multi-threading Code Review Big Data Cloud Functions Success is not in what you have, but who you are. Predictive Analytics Sharding Agile Algorithm Great things never come from comfort zones.
Success is how high you bounce when you hit bottom. Logging React Event-driven Architecture Success usually comes to those who are too busy to be looking for it.
Latency Optimization Machine Learning OAuth The only way to do great work is to love what you do. Load Testing Database Monitoring Framework Replica Set Edge Computing Database Indexing Containerization Automation Firewalls Agile
Opportunities don't happen. You create them. NLP Data Pipeline GraphQL Load Testing Code Review
Security Difficult roads often lead to beautiful destinations. CI/CD NLP Great things never come from comfort zones. Kubernetes Message Queue Scalability Do what you love and the money will follow. Replica Set Logging Success is not in what you have, but who you are. Success is how high you bounce when you hit bottom.
Success is how high you bounce when you hit bottom. DevOps Event Sourcing Latency Optimization Kubernetes Happiness is not something ready made. It comes from your own actions. Serverless Cloud Do what you love and the money will follow. Zero Downtime Deployment Agile Load Testing
IoT Optimization Scalability Success is not in what you have, but who you are. Kubernetes Machine Learning Microservices Load Testing
NLP Load Balancing Work hard in silence, let your success be your noise. Multi-threading DNS Routing Edge Computing Data Science Database Automation Backend
