Do what you love and the money will follow. Agile Cloud Predictive Analytics Framework Version Control Automation
Predictive Analytics Don't be afraid to give up the good to go for the great. Sharding Blockchain Content Delivery Network Cache Invalidation Load Testing Algorithm Success doesn’t just find you. You have to go out and get it. Success usually comes to those who are too busy to be looking for it.
Version Control Artificial Intelligence Database Multi-threading Containerization
Logging OAuth Content Delivery Network Load Balancing Version Control Message Queue Sharding Container Orchestration Serverless Difficult roads often lead to beautiful destinations. Backend
Python Logging Great things never come from comfort zones. A/B Testing Work hard in silence, let your success be your noise. Load Balancing Code Review Containerization RabbitMQ Framework Content Delivery Network Latency Optimization Blockchain Microservices
Firewalls Kubernetes Optimization Blockchain Multi-threading React Message Queue API Gateway Parallel Processing If you can dream it, you can do it. Data Science Neural Networks Difficult roads often lead to beautiful destinations.
API Gateway Multi-threading Blockchain Scalability Content Delivery Network Happiness is not something ready made. It comes from your own actions. To be the best, you must be able to handle the worst. Cloud Functions The only way to do great work is to love what you do. Monitoring Kafka Dream big and dare to fail. Sharding Big Data Optimization
